
Microsoft Visual Studio Solution File, Format Version 12.00
# Visual Studio Version 16
VisualStudioVersion = 16.0.31613.86
MinimumVisualStudioVersion = 10.0.40219.1
Project("{FAE04EC0-301F-11D3-BF4B-00C04F79EFBC}") = "PrevisaoTempo", "PrevisaoTempo.csproj", "{A1BB8C6A-3D59-4EAB-A9AD-9AE892696E0A}"
EndProject
Global
	GlobalSection(SolutionConfigurationPlatforms) = preSolution
		Debug|Any CPU = Debug|Any CPU
		Release|Any CPU = Release|Any CPU
	EndGlobalSection
	GlobalSection(ProjectConfigurationPlatforms) = postSolution
		{A1BB8C6A-3D59-4EAB-A9AD-9AE892696E0A}.Debug|Any CPU.ActiveCfg = Debug|Any CPU
		{A1BB8C6A-3D59-4EAB-A9AD-9AE892696E0A}.Debug|Any CPU.Build.0 = Debug|Any CPU
		{A1BB8C6A-3D59-4EAB-A9AD-9AE892696E0A}.Release|Any CPU.ActiveCfg = Release|Any CPU
		{A1BB8C6A-3D59-4EAB-A9AD-9AE892696E0A}.Release|Any CPU.Build.0 = Release|Any CPU
	EndGlobalSection
	GlobalSection(SolutionProperties) = preSolution
		HideSolutionNode = FALSE
	EndGlobalSection
	GlobalSection(ExtensibilityGlobals) = postSolution
		SolutionGuid = {A544F15D-5783-481F-AA02-FC43DA5EC0C3}
	EndGlobalSection
EndGlobal
